
Microsoft Visual Studio Solution File, Format Version 12.00
# Visual Studio Version 16
VisualStudioVersion = 16.0.30128.74
MinimumVisualStudioVersion = 10.0.40219.1
Project("{FAE04EC0-301F-11D3-BF4B-00C04F79EFBC}") = "Util", "Util\Util.csproj", "{44F7CA39-779F-400F-A990-0673FEB8DEDF}"
EndProject
Global
	GlobalSection(SolutionConfigurationPlatforms) = preSolution
		Debug|Any CPU = Debug|Any CPU
		Release|Any CPU = Release|Any CPU
	EndGlobalSection
	GlobalSection(ProjectConfigurationPlatforms) = postSolution
		{44F7CA39-779F-400F-A990-0673FEB8DEDF}.Debug|Any CPU.ActiveCfg = Debug|Any CPU
		{44F7CA39-779F-400F-A990-0673FEB8DEDF}.Debug|Any CPU.Build.0 = Debug|Any CPU
		{44F7CA39-779F-400F-A990-0673FEB8DEDF}.Release|Any CPU.ActiveCfg = Release|Any CPU
		{44F7CA39-779F-400F-A990-0673FEB8DEDF}.Release|Any CPU.Build.0 = Release|Any CPU
	EndGlobalSection
	GlobalSection(SolutionProperties) = preSolution
		HideSolutionNode = FALSE
	EndGlobalSection
	GlobalSection(ExtensibilityGlobals) = postSolution
		SolutionGuid = {DF59A7A3-D979-4B20-998D-37EF9B19D5CD}
	EndGlobalSection
EndGlobal
